
Microsoft Visual Studio Solution File, Format Version 12.00
# Visual Studio Version 17
VisualStudioVersion = 17.0.31903.59
MinimumVisualStudioVersion = 10.0.40219.1
Project("{9A19103F-16F7-4668-BE54-9A1E7A4F7556}") = "Sds.Inn", "Sds.Inn\Sds.Inn.csproj", "{EBFAE135-90B1-4C94-BFE8-0BD09023AE65}"
EndProject
Project("{FAE04EC0-301F-11D3-BF4B-00C04F79EFBC}") = "Sds.Inn.Tests", "Sds.Inn.Tests\Sds.Inn.Tests.csproj", "{D260C772-1459-4E07-BFEF-EA116ACD317A}"
EndProject
Global
	GlobalSection(SolutionConfigurationPlatforms) = preSolution
		Debug|Any CPU = Debug|Any CPU
		Release|Any CPU = Release|Any CPU
	EndGlobalSection
	GlobalSection(ProjectConfigurationPlatforms) = postSolution
		{EBFAE135-90B1-4C94-BFE8-0BD09023AE65}.Debug|Any CPU.ActiveCfg = Debug|Any CPU
		{EBFAE135-90B1-4C94-BFE8-0BD09023AE65}.Debug|Any CPU.Build.0 = Debug|Any CPU
		{EBFAE135-90B1-4C94-BFE8-0BD09023AE65}.Release|Any CPU.ActiveCfg = Release|Any CPU
		{EBFAE135-90B1-4C94-BFE8-0BD09023AE65}.Release|Any CPU.Build.0 = Release|Any CPU
		{D260C772-1459-4E07-BFEF-EA116ACD317A}.Debug|Any CPU.ActiveCfg = Debug|Any CPU
		{D260C772-1459-4E07-BFEF-EA116ACD317A}.Debug|Any CPU.Build.0 = Debug|Any CPU
		{D260C772-1459-4E07-BFEF-EA116ACD317A}.Release|Any CPU.ActiveCfg = Release|Any CPU
		{D260C772-1459-4E07-BFEF-EA116ACD317A}.Release|Any CPU.Build.0 = Release|Any CPU
	EndGlobalSection
	GlobalSection(SolutionProperties) = preSolution
		HideSolutionNode = FALSE
	EndGlobalSection
	GlobalSection(ExtensibilityGlobals) = postSolution
		SolutionGuid = {7C829F74-5D83-4490-B18F-3ABB8652C716}
	EndGlobalSection
EndGlobal
